<Solution>
  <Folder Name="/back/">
    <Project Path="PhoneBookApp.Model/PhoneBookApp.Model.csproj" />
    <Project Path="PhoneBookApp.WebApi/PhoneBookApp.WebApi.csproj" />
  </Folder>
  <Folder Name="/docker/">
    <File Path="../.env.example" />
    <File Path="../docker-compose.yml" />
    <File Path="../reset-compose.ps1" />
  </Folder>
  <Folder Name="/docs/">
    <File Path="../CHANGELOG.md" />
    <File Path="../LICENSE.md" />
    <File Path="../README.md" />
    <File Path="../TODO.md" />
  </Folder>
  <Folder Name="/docs/docfx/">
    <File Path="../docfx/docfx.json" />
    <File Path="../docfx/index.md" />
    <File Path="../docfx/toc.yml" />
  </Folder>
  <Folder Name="/editorconfig/">
    <File Path=".editorconfig" />
  </Folder>
  <Folder Name="/editorconfig/base/">
    <File Path="../.editorconfig" />
  </Folder>
  <Folder Name="/git/">
    <File Path="../.gitattributes" />
    <File Path=".gitignore" />
  </Folder>
  <Folder Name="/github/">
    <File Path="../.github/workflows/docfx.yml" />
  </Folder>
</Solution>
